
Microsoft Visual Studio Solution File, Format Version 12.00
# Visual Studio 15
VisualStudioVersion = 15.0.26127.0
MinimumVisualStudioVersion = 10.0.40219.1
Project("{2150E333-8FDC-42A3-9474-1A3956D46DE8}") = "tests", "tests", "{ED1E5032-AA42-45AC-96C3-F21666FD4245}"
EndProject
Project("{2150E333-8FDC-42A3-9474-1A3956D46DE8}") = "Solution Items", "Solution Items", "{A6878F19-D808-40A3-AEB5-DEC78FA47D5C}"
	ProjectSection(SolutionItems) = preProject
		global.json = global.json
	EndProjectSection
EndProject
Project("{2150E333-8FDC-42A3-9474-1A3956D46DE8}") = "src", "src", "{893DD448-96BF-4115-94D6-E85E6466F614}"
EndProject
Project("{9A19103F-16F7-4668-BE54-9A1E7A4F7556}") = "TheLizzards.Data", "src\TheLizzards.Data\TheLizzards.Data.csproj", "{5B9A32EC-3601-445E-A5B9-F6DF8BA29AD0}"
EndProject
Project("{9A19103F-16F7-4668-BE54-9A1E7A4F7556}") = "TheLizzards.Mvc", "src\TheLizzards.Mvc\TheLizzards.Mvc.csproj", "{9DFCA39E-BE89-452E-A8B0-19A54F7AA0BA}"
EndProject
Project("{9A19103F-16F7-4668-BE54-9A1E7A4F7556}") = "TheLizzards.Maybe", "src\TheLizzards.Maybe\TheLizzards.Maybe.csproj", "{CF23EEB6-24C7-42E8-AF26-DA7C387485EB}"
EndProject
Project("{9A19103F-16F7-4668-BE54-9A1E7A4F7556}") = "TheLizzards.Mvc.Data", "src\TheLizzards.Mvc.Data\TheLizzards.Mvc.Data.csproj", "{FEAE4500-1C95-4D05-A9EF-DE176809ECED}"
EndProject
Project("{9A19103F-16F7-4668-BE54-9A1E7A4F7556}") = "TheLizzards.Data.Azure", "src\TheLizzards.Data.Azure\TheLizzards.Data.Azure.csproj", "{B564F178-2A93-4D6F-BC66-33FD386EBC09}"
EndProject
Project("{9A19103F-16F7-4668-BE54-9A1E7A4F7556}") = "TheLizzards.Search", "src\TheLizzards.Search\TheLizzards.Search.csproj", "{B8515272-86FE-46F9-90ED-136E87EAFE11}"
EndProject
Project("{9A19103F-16F7-4668-BE54-9A1E7A4F7556}") = "TheLizzards.Search.Azure", "src\TheLizzards.Search.Azure\TheLizzards.Search.Azure.csproj", "{B2294EB9-E8E1-4A70-86CA-E1E8597AD790}"
EndProject
Project("{FAE04EC0-301F-11D3-BF4B-00C04F79EFBC}") = "TheLizzards.Localisation", "src\TheLizzards.Localisation\TheLizzards.Localisation.csproj", "{79DC7B66-C46A-4B2E-930E-FCC22D95DC7F}"
EndProject
Project("{9A19103F-16F7-4668-BE54-9A1E7A4F7556}") = "TheLizzards.Maybe.Tests", "test\TheLizzards.Maybe.Tests\TheLizzards.Maybe.Tests.csproj", "{9FD9226F-D969-43E0-82CB-E98F1B9267FE}"
EndProject
Project("{9A19103F-16F7-4668-BE54-9A1E7A4F7556}") = "TheLizzards.Search.Tests", "test\TheLizzards.Search.Tests\TheLizzards.Search.Tests.csproj", "{266D026E-3906-4CF1-8699-991057761134}"
EndProject
Project("{9A19103F-16F7-4668-BE54-9A1E7A4F7556}") = "TheLizzards.Location.Tests", "test\TheLizzards.Location.Tests\TheLizzards.Location.Tests.csproj", "{62161742-5E8F-4BBC-B4B3-303A8694E24A}"
EndProject
Global
	GlobalSection(SolutionConfigurationPlatforms) = preSolution
		Debug|Any CPU = Debug|Any CPU
		Debug|x64 = Debug|x64
		Debug|x86 = Debug|x86
		Release|Any CPU = Release|Any CPU
		Release|x64 = Release|x64
		Release|x86 = Release|x86
	EndGlobalSection
	GlobalSection(ProjectConfigurationPlatforms) = postSolution
		{5B9A32EC-3601-445E-A5B9-F6DF8BA29AD0}.Debug|Any CPU.ActiveCfg = Debug|Any CPU
		{5B9A32EC-3601-445E-A5B9-F6DF8BA29AD0}.Debug|Any CPU.Build.0 = Debug|Any CPU
		{5B9A32EC-3601-445E-A5B9-F6DF8BA29AD0}.Debug|x64.ActiveCfg = Debug|x64
		{5B9A32EC-3601-445E-A5B9-F6DF8BA29AD0}.Debug|x64.Build.0 = Debug|x64
		{5B9A32EC-3601-445E-A5B9-F6DF8BA29AD0}.Debug|x86.ActiveCfg = Debug|x86
		{5B9A32EC-3601-445E-A5B9-F6DF8BA29AD0}.Debug|x86.Build.0 = Debug|x86
		{5B9A32EC-3601-445E-A5B9-F6DF8BA29AD0}.Release|Any CPU.ActiveCfg = Release|Any CPU
		{5B9A32EC-3601-445E-A5B9-F6DF8BA29AD0}.Release|Any CPU.Build.0 = Release|Any CPU
		{5B9A32EC-3601-445E-A5B9-F6DF8BA29AD0}.Release|x64.ActiveCfg = Release|x64
		{5B9A32EC-3601-445E-A5B9-F6DF8BA29AD0}.Release|x64.Build.0 = Release|x64
		{5B9A32EC-3601-445E-A5B9-F6DF8BA29AD0}.Release|x86.ActiveCfg = Release|x86
		{5B9A32EC-3601-445E-A5B9-F6DF8BA29AD0}.Release|x86.Build.0 = Release|x86
		{9DFCA39E-BE89-452E-A8B0-19A54F7AA0BA}.Debug|Any CPU.ActiveCfg = Debug|Any CPU
		{9DFCA39E-BE89-452E-A8B0-19A54F7AA0BA}.Debug|Any CPU.Build.0 = Debug|Any CPU
		{9DFCA39E-BE89-452E-A8B0-19A54F7AA0BA}.Debug|x64.ActiveCfg = Debug|x64
		{9DFCA39E-BE89-452E-A8B0-19A54F7AA0BA}.Debug|x64.Build.0 = Debug|x64
		{9DFCA39E-BE89-452E-A8B0-19A54F7AA0BA}.Debug|x86.ActiveCfg = Debug|x86
		{9DFCA39E-BE89-452E-A8B0-19A54F7AA0BA}.Debug|x86.Build.0 = Debug|x86
		{9DFCA39E-BE89-452E-A8B0-19A54F7AA0BA}.Release|Any CPU.ActiveCfg = Release|Any CPU
		{9DFCA39E-BE89-452E-A8B0-19A54F7AA0BA}.Release|Any CPU.Build.0 = Release|Any CPU
		{9DFCA39E-BE89-452E-A8B0-19A54F7AA0BA}.Release|x64.ActiveCfg = Release|x64
		{9DFCA39E-BE89-452E-A8B0-19A54F7AA0BA}.Release|x64.Build.0 = Release|x64
		{9DFCA39E-BE89-452E-A8B0-19A54F7AA0BA}.Release|x86.ActiveCfg = Release|x86
		{9DFCA39E-BE89-452E-A8B0-19A54F7AA0BA}.Release|x86.Build.0 = Release|x86
		{CF23EEB6-24C7-42E8-AF26-DA7C387485EB}.Debug|Any CPU.ActiveCfg = Debug|Any CPU
		{CF23EEB6-24C7-42E8-AF26-DA7C387485EB}.Debug|Any CPU.Build.0 = Debug|Any CPU
		{CF23EEB6-24C7-42E8-AF26-DA7C387485EB}.Debug|x64.ActiveCfg = Debug|x64
		{CF23EEB6-24C7-42E8-AF26-DA7C387485EB}.Debug|x64.Build.0 = Debug|x64
		{CF23EEB6-24C7-42E8-AF26-DA7C387485EB}.Debug|x86.ActiveCfg = Debug|x86
		{CF23EEB6-24C7-42E8-AF26-DA7C387485EB}.Debug|x86.Build.0 = Debug|x86
		{CF23EEB6-24C7-42E8-AF26-DA7C387485EB}.Release|Any CPU.ActiveCfg = Release|Any CPU
		{CF23EEB6-24C7-42E8-AF26-DA7C387485EB}.Release|Any CPU.Build.0 = Release|Any CPU
		{CF23EEB6-24C7-42E8-AF26-DA7C387485EB}.Release|x64.ActiveCfg = Release|x64
		{CF23EEB6-24C7-42E8-AF26-DA7C387485EB}.Release|x64.Build.0 = Release|x64
		{CF23EEB6-24C7-42E8-AF26-DA7C387485EB}.Release|x86.ActiveCfg = Release|x86
		{CF23EEB6-24C7-42E8-AF26-DA7C387485EB}.Release|x86.Build.0 = Release|x86
		{FEAE4500-1C95-4D05-A9EF-DE176809ECED}.Debug|Any CPU.ActiveCfg = Debug|Any CPU
		{FEAE4500-1C95-4D05-A9EF-DE176809ECED}.Debug|Any CPU.Build.0 = Debug|Any CPU
		{FEAE4500-1C95-4D05-A9EF-DE176809ECED}.Debug|x64.ActiveCfg = Debug|x64
		{FEAE4500-1C95-4D05-A9EF-DE176809ECED}.Debug|x64.Build.0 = Debug|x64
		{FEAE4500-1C95-4D05-A9EF-DE176809ECED}.Debug|x86.ActiveCfg = Debug|x86
		{FEAE4500-1C95-4D05-A9EF-DE176809ECED}.Debug|x86.Build.0 = Debug|x86
		{FEAE4500-1C95-4D05-A9EF-DE176809ECED}.Release|Any CPU.ActiveCfg = Release|Any CPU
		{FEAE4500-1C95-4D05-A9EF-DE176809ECED}.Release|Any CPU.Build.0 = Release|Any CPU
		{FEAE4500-1C95-4D05-A9EF-DE176809ECED}.Release|x64.ActiveCfg = Release|x64
		{FEAE4500-1C95-4D05-A9EF-DE176809ECED}.Release|x64.Build.0 = Release|x64
		{FEAE4500-1C95-4D05-A9EF-DE176809ECED}.Release|x86.ActiveCfg = Release|x86
		{FEAE4500-1C95-4D05-A9EF-DE176809ECED}.Release|x86.Build.0 = Release|x86
		{B564F178-2A93-4D6F-BC66-33FD386EBC09}.Debug|Any CPU.ActiveCfg = Debug|Any CPU
		{B564F178-2A93-4D6F-BC66-33FD386EBC09}.Debug|Any CPU.Build.0 = Debug|Any CPU
		{B564F178-2A93-4D6F-BC66-33FD386EBC09}.Debug|x64.ActiveCfg = Debug|x64
		{B564F178-2A93-4D6F-BC66-33FD386EBC09}.Debug|x64.Build.0 = Debug|x64
		{B564F178-2A93-4D6F-BC66-33FD386EBC09}.Debug|x86.ActiveCfg = Debug|x86
		{B564F178-2A93-4D6F-BC66-33FD386EBC09}.Debug|x86.Build.0 = Debug|x86
		{B564F178-2A93-4D6F-BC66-33FD386EBC09}.Release|Any CPU.ActiveCfg = Release|Any CPU
		{B564F178-2A93-4D6F-BC66-33FD386EBC09}.Release|Any CPU.Build.0 = Release|Any CPU
		{B564F178-2A93-4D6F-BC66-33FD386EBC09}.Release|x64.ActiveCfg = Release|x64
		{B564F178-2A93-4D6F-BC66-33FD386EBC09}.Release|x64.Build.0 = Release|x64
		{B564F178-2A93-4D6F-BC66-33FD386EBC09}.Release|x86.ActiveCfg = Release|x86
		{B564F178-2A93-4D6F-BC66-33FD386EBC09}.Release|x86.Build.0 = Release|x86
		{B8515272-86FE-46F9-90ED-136E87EAFE11}.Debug|Any CPU.ActiveCfg = Debug|Any CPU
		{B8515272-86FE-46F9-90ED-136E87EAFE11}.Debug|Any CPU.Build.0 = Debug|Any CPU
		{B8515272-86FE-46F9-90ED-136E87EAFE11}.Debug|x64.ActiveCfg = Debug|x64
		{B8515272-86FE-46F9-90ED-136E87EAFE11}.Debug|x64.Build.0 = Debug|x64
		{B8515272-86FE-46F9-90ED-136E87EAFE11}.Debug|x86.ActiveCfg = Debug|x86
		{B8515272-86FE-46F9-90ED-136E87EAFE11}.Debug|x86.Build.0 = Debug|x86
		{B8515272-86FE-46F9-90ED-136E87EAFE11}.Release|Any CPU.ActiveCfg = Release|Any CPU
		{B8515272-86FE-46F9-90ED-136E87EAFE11}.Release|Any CPU.Build.0 = Release|Any CPU
		{B8515272-86FE-46F9-90ED-136E87EAFE11}.Release|x64.ActiveCfg = Release|x64
		{B8515272-86FE-46F9-90ED-136E87EAFE11}.Release|x64.Build.0 = Release|x64
		{B8515272-86FE-46F9-90ED-136E87EAFE11}.Release|x86.ActiveCfg = Release|x86
		{B8515272-86FE-46F9-90ED-136E87EAFE11}.Release|x86.Build.0 = Release|x86
		{B2294EB9-E8E1-4A70-86CA-E1E8597AD790}.Debug|Any CPU.ActiveCfg = Debug|Any CPU
		{B2294EB9-E8E1-4A70-86CA-E1E8597AD790}.Debug|Any CPU.Build.0 = Debug|Any CPU
		{B2294EB9-E8E1-4A70-86CA-E1E8597AD790}.Debug|x64.ActiveCfg = Debug|x64
		{B2294EB9-E8E1-4A70-86CA-E1E8597AD790}.Debug|x64.Build.0 = Debug|x64
		{B2294EB9-E8E1-4A70-86CA-E1E8597AD790}.Debug|x86.ActiveCfg = Debug|x86
		{B2294EB9-E8E1-4A70-86CA-E1E8597AD790}.Debug|x86.Build.0 = Debug|x86
		{B2294EB9-E8E1-4A70-86CA-E1E8597AD790}.Release|Any CPU.ActiveCfg = Release|Any CPU
		{B2294EB9-E8E1-4A70-86CA-E1E8597AD790}.Release|Any CPU.Build.0 = Release|Any CPU
		{B2294EB9-E8E1-4A70-86CA-E1E8597AD790}.Release|x64.ActiveCfg = Release|x64
		{B2294EB9-E8E1-4A70-86CA-E1E8597AD790}.Release|x64.Build.0 = Release|x64
		{B2294EB9-E8E1-4A70-86CA-E1E8597AD790}.Release|x86.ActiveCfg = Release|x86
		{B2294EB9-E8E1-4A70-86CA-E1E8597AD790}.Release|x86.Build.0 = Release|x86
		{79DC7B66-C46A-4B2E-930E-FCC22D95DC7F}.Debug|Any CPU.ActiveCfg = Debug|Any CPU
		{79DC7B66-C46A-4B2E-930E-FCC22D95DC7F}.Debug|Any CPU.Build.0 = Debug|Any CPU
		{79DC7B66-C46A-4B2E-930E-FCC22D95DC7F}.Debug|x64.ActiveCfg = Debug|x64
		{79DC7B66-C46A-4B2E-930E-FCC22D95DC7F}.Debug|x64.Build.0 = Debug|x64
		{79DC7B66-C46A-4B2E-930E-FCC22D95DC7F}.Debug|x86.ActiveCfg = Debug|x86
		{79DC7B66-C46A-4B2E-930E-FCC22D95DC7F}.Debug|x86.Build.0 = Debug|x86
		{79DC7B66-C46A-4B2E-930E-FCC22D95DC7F}.Release|Any CPU.ActiveCfg = Release|Any CPU
		{79DC7B66-C46A-4B2E-930E-FCC22D95DC7F}.Release|Any CPU.Build.0 = Release|Any CPU
		{79DC7B66-C46A-4B2E-930E-FCC22D95DC7F}.Release|x64.ActiveCfg = Release|x64
		{79DC7B66-C46A-4B2E-930E-FCC22D95DC7F}.Release|x64.Build.0 = Release|x64
		{79DC7B66-C46A-4B2E-930E-FCC22D95DC7F}.Release|x86.ActiveCfg = Release|x86
		{79DC7B66-C46A-4B2E-930E-FCC22D95DC7F}.Release|x86.Build.0 = Release|x86
		{9FD9226F-D969-43E0-82CB-E98F1B9267FE}.Debug|Any CPU.ActiveCfg = Debug|Any CPU
		{9FD9226F-D969-43E0-82CB-E98F1B9267FE}.Debug|Any CPU.Build.0 = Debug|Any CPU
		{9FD9226F-D969-43E0-82CB-E98F1B9267FE}.Debug|x64.ActiveCfg = Debug|x64
		{9FD9226F-D969-43E0-82CB-E98F1B9267FE}.Debug|x64.Build.0 = Debug|x64
		{9FD9226F-D969-43E0-82CB-E98F1B9267FE}.Debug|x86.ActiveCfg = Debug|x86
		{9FD9226F-D969-43E0-82CB-E98F1B9267FE}.Debug|x86.Build.0 = Debug|x86
		{9FD9226F-D969-43E0-82CB-E98F1B9267FE}.Release|Any CPU.ActiveCfg = Release|Any CPU
		{9FD9226F-D969-43E0-82CB-E98F1B9267FE}.Release|Any CPU.Build.0 = Release|Any CPU
		{9FD9226F-D969-43E0-82CB-E98F1B9267FE}.Release|x64.ActiveCfg = Release|x64
		{9FD9226F-D969-43E0-82CB-E98F1B9267FE}.Release|x64.Build.0 = Release|x64
		{9FD9226F-D969-43E0-82CB-E98F1B9267FE}.Release|x86.ActiveCfg = Release|x86
		{9FD9226F-D969-43E0-82CB-E98F1B9267FE}.Release|x86.Build.0 = Release|x86
		{266D026E-3906-4CF1-8699-991057761134}.Debug|Any CPU.ActiveCfg = Debug|Any CPU
		{266D026E-3906-4CF1-8699-991057761134}.Debug|Any CPU.Build.0 = Debug|Any CPU
		{266D026E-3906-4CF1-8699-991057761134}.Debug|x64.ActiveCfg = Debug|x64
		{266D026E-3906-4CF1-8699-991057761134}.Debug|x64.Build.0 = Debug|x64
		{266D026E-3906-4CF1-8699-991057761134}.Debug|x86.ActiveCfg = Debug|x86
		{266D026E-3906-4CF1-8699-991057761134}.Debug|x86.Build.0 = Debug|x86
		{266D026E-3906-4CF1-8699-991057761134}.Release|Any CPU.ActiveCfg = Release|Any CPU
		{266D026E-3906-4CF1-8699-991057761134}.Release|Any CPU.Build.0 = Release|Any CPU
		{266D026E-3906-4CF1-8699-991057761134}.Release|x64.ActiveCfg = Release|x64
		{266D026E-3906-4CF1-8699-991057761134}.Release|x64.Build.0 = Release|x64
		{266D026E-3906-4CF1-8699-991057761134}.Release|x86.ActiveCfg = Release|x86
		{266D026E-3906-4CF1-8699-991057761134}.Release|x86.Build.0 = Release|x86
		{62161742-5E8F-4BBC-B4B3-303A8694E24A}.Debug|Any CPU.ActiveCfg = Debug|Any CPU
		{62161742-5E8F-4BBC-B4B3-303A8694E24A}.Debug|Any CPU.Build.0 = Debug|Any CPU
		{62161742-5E8F-4BBC-B4B3-303A8694E24A}.Debug|x64.ActiveCfg = Debug|x64
		{62161742-5E8F-4BBC-B4B3-303A8694E24A}.Debug|x64.Build.0 = Debug|x64
		{62161742-5E8F-4BBC-B4B3-303A8694E24A}.Debug|x86.ActiveCfg = Debug|x86
		{62161742-5E8F-4BBC-B4B3-303A8694E24A}.Debug|x86.Build.0 = Debug|x86
		{62161742-5E8F-4BBC-B4B3-303A8694E24A}.Release|Any CPU.ActiveCfg = Release|Any CPU
		{62161742-5E8F-4BBC-B4B3-303A8694E24A}.Release|Any CPU.Build.0 = Release|Any CPU
		{62161742-5E8F-4BBC-B4B3-303A8694E24A}.Release|x64.ActiveCfg = Release|x64
		{62161742-5E8F-4BBC-B4B3-303A8694E24A}.Release|x64.Build.0 = Release|x64
		{62161742-5E8F-4BBC-B4B3-303A8694E24A}.Release|x86.ActiveCfg = Release|x86
		{62161742-5E8F-4BBC-B4B3-303A8694E24A}.Release|x86.Build.0 = Release|x86
	EndGlobalSection
	GlobalSection(SolutionProperties) = preSolution
		HideSolutionNode = FALSE
	EndGlobalSection
	GlobalSection(NestedProjects) = preSolution
		{5B9A32EC-3601-445E-A5B9-F6DF8BA29AD0} = {893DD448-96BF-4115-94D6-E85E6466F614}
		{9DFCA39E-BE89-452E-A8B0-19A54F7AA0BA} = {893DD448-96BF-4115-94D6-E85E6466F614}
		{CF23EEB6-24C7-42E8-AF26-DA7C387485EB} = {893DD448-96BF-4115-94D6-E85E6466F614}
		{FEAE4500-1C95-4D05-A9EF-DE176809ECED} = {893DD448-96BF-4115-94D6-E85E6466F614}
		{B564F178-2A93-4D6F-BC66-33FD386EBC09} = {893DD448-96BF-4115-94D6-E85E6466F614}
		{B8515272-86FE-46F9-90ED-136E87EAFE11} = {893DD448-96BF-4115-94D6-E85E6466F614}
		{B2294EB9-E8E1-4A70-86CA-E1E8597AD790} = {893DD448-96BF-4115-94D6-E85E6466F614}
		{79DC7B66-C46A-4B2E-930E-FCC22D95DC7F} = {893DD448-96BF-4115-94D6-E85E6466F614}
		{9FD9226F-D969-43E0-82CB-E98F1B9267FE} = {ED1E5032-AA42-45AC-96C3-F21666FD4245}
		{266D026E-3906-4CF1-8699-991057761134} = {ED1E5032-AA42-45AC-96C3-F21666FD4245}
		{62161742-5E8F-4BBC-B4B3-303A8694E24A} = {ED1E5032-AA42-45AC-96C3-F21666FD4245}
	EndGlobalSection
EndGlobal
