
Microsoft Visual Studio Solution File, Format Version 12.00
# Visual Studio 15
VisualStudioVersion = 15.0.26730.16
MinimumVisualStudioVersion = 10.0.40219.1
Project("{2150E333-8FDC-42A3-9474-1A3956D46DE8}") = "Solution Items", "Solution Items", "{A6878F19-D808-40A3-AEB5-DEC78FA47D5C}"
	ProjectSection(SolutionItems) = preProject
		global.json = global.json
		NuGet.Config = NuGet.Config
	EndProjectSection
EndProject
Project("{2150E333-8FDC-42A3-9474-1A3956D46DE8}") = "src", "src", "{893DD448-96BF-4115-94D6-E85E6466F614}"
EndProject
Project("{9A19103F-16F7-4668-BE54-9A1E7A4F7556}") = "Picums.Data", "src\Picums.Data\Picums.Data.csproj", "{5B9A32EC-3601-445E-A5B9-F6DF8BA29AD0}"
EndProject
Project("{9A19103F-16F7-4668-BE54-9A1E7A4F7556}") = "Picums.Maybe", "src\Picums.Maybe\Picums.Maybe.csproj", "{CF23EEB6-24C7-42E8-AF26-DA7C387485EB}"
EndProject
Project("{9A19103F-16F7-4668-BE54-9A1E7A4F7556}") = "Picums.Data.Azure", "src\Picums.Data.Azure\Picums.Data.Azure.csproj", "{B564F178-2A93-4D6F-BC66-33FD386EBC09}"
EndProject
Project("{9A19103F-16F7-4668-BE54-9A1E7A4F7556}") = "Picums.GeoCoding", "src\Picums.GeoCoding\Picums.GeoCoding.csproj", "{79DC7B66-C46A-4B2E-930E-FCC22D95DC7F}"
EndProject
Project("{9A19103F-16F7-4668-BE54-9A1E7A4F7556}") = "Picums.Search.Azure", "src\Picums.Search.Azure\Picums.Search.Azure.csproj", "{DB53A7F6-8B0C-4ECC-ABD7-B9415BB4F5CE}"
EndProject
Project("{9A19103F-16F7-4668-BE54-9A1E7A4F7556}") = "Picums.Data.InMemory", "src\Picums.Data.InMemory\Picums.Data.InMemory.csproj", "{ADD9513D-105D-4940-B4AD-808CD8DFB096}"
EndProject
Project("{9A19103F-16F7-4668-BE54-9A1E7A4F7556}") = "Picums.Tests", "src\Picums.Tests\Picums.Tests.csproj", "{BEB65404-8936-4D52-B141-51EDC9082B9D}"
EndProject
Project("{2150E333-8FDC-42A3-9474-1A3956D46DE8}") = "Mvc", "Mvc", "{15353BE6-48B6-4208-A8F9-5548917EF551}"
EndProject
Project("{9A19103F-16F7-4668-BE54-9A1E7A4F7556}") = "Picums.Mvc.Localisation", "src\Mvc\Localisation\Picums.Mvc.Localisation.csproj", "{11C11E9D-9C73-45D2-ACC0-B0B86875C795}"
EndProject
Project("{9A19103F-16F7-4668-BE54-9A1E7A4F7556}") = "Picums.Mvc", "src\Mvc\Mvc\Picums.Mvc.csproj", "{A1A276DE-946A-4A2D-B208-8712F4C80FAF}"
EndProject
Project("{2150E333-8FDC-42A3-9474-1A3956D46DE8}") = "Configurations", "Configurations", "{86480E06-8AE8-443E-A9F4-894DA8CD556C}"
EndProject
Project("{9A19103F-16F7-4668-BE54-9A1E7A4F7556}") = "Picums.Mvc.Configuration.Geocoding", "src\Mvc\Configurations\Geocoding\Picums.Mvc.Configuration.Geocoding.csproj", "{DCE8356C-32D9-4414-AD4A-4103C2BEF422}"
EndProject
Project("{2150E333-8FDC-42A3-9474-1A3956D46DE8}") = "test", "test", "{36D4F041-A871-48E0-89FC-9B47E9A71383}"
EndProject
Global
	GlobalSection(SolutionConfigurationPlatforms) = preSolution
		Debug|Any CPU = Debug|Any CPU
		Debug|x64 = Debug|x64
		Debug|x86 = Debug|x86
		Release|Any CPU = Release|Any CPU
		Release|x64 = Release|x64
		Release|x86 = Release|x86
	EndGlobalSection
	GlobalSection(ProjectConfigurationPlatforms) = postSolution
		{5B9A32EC-3601-445E-A5B9-F6DF8BA29AD0}.Debug|Any CPU.ActiveCfg = Debug|Any CPU
		{5B9A32EC-3601-445E-A5B9-F6DF8BA29AD0}.Debug|Any CPU.Build.0 = Debug|Any CPU
		{5B9A32EC-3601-445E-A5B9-F6DF8BA29AD0}.Debug|x64.ActiveCfg = Debug|Any CPU
		{5B9A32EC-3601-445E-A5B9-F6DF8BA29AD0}.Debug|x64.Build.0 = Debug|Any CPU
		{5B9A32EC-3601-445E-A5B9-F6DF8BA29AD0}.Debug|x86.ActiveCfg = Debug|Any CPU
		{5B9A32EC-3601-445E-A5B9-F6DF8BA29AD0}.Debug|x86.Build.0 = Debug|Any CPU
		{5B9A32EC-3601-445E-A5B9-F6DF8BA29AD0}.Release|Any CPU.ActiveCfg = Release|Any CPU
		{5B9A32EC-3601-445E-A5B9-F6DF8BA29AD0}.Release|Any CPU.Build.0 = Release|Any CPU
		{5B9A32EC-3601-445E-A5B9-F6DF8BA29AD0}.Release|x64.ActiveCfg = Release|Any CPU
		{5B9A32EC-3601-445E-A5B9-F6DF8BA29AD0}.Release|x64.Build.0 = Release|Any CPU
		{5B9A32EC-3601-445E-A5B9-F6DF8BA29AD0}.Release|x86.ActiveCfg = Release|Any CPU
		{5B9A32EC-3601-445E-A5B9-F6DF8BA29AD0}.Release|x86.Build.0 = Release|Any CPU
		{CF23EEB6-24C7-42E8-AF26-DA7C387485EB}.Debug|Any CPU.ActiveCfg = Debug|Any CPU
		{CF23EEB6-24C7-42E8-AF26-DA7C387485EB}.Debug|Any CPU.Build.0 = Debug|Any CPU
		{CF23EEB6-24C7-42E8-AF26-DA7C387485EB}.Debug|x64.ActiveCfg = Debug|Any CPU
		{CF23EEB6-24C7-42E8-AF26-DA7C387485EB}.Debug|x64.Build.0 = Debug|Any CPU
		{CF23EEB6-24C7-42E8-AF26-DA7C387485EB}.Debug|x86.ActiveCfg = Debug|Any CPU
		{CF23EEB6-24C7-42E8-AF26-DA7C387485EB}.Debug|x86.Build.0 = Debug|Any CPU
		{CF23EEB6-24C7-42E8-AF26-DA7C387485EB}.Release|Any CPU.ActiveCfg = Release|Any CPU
		{CF23EEB6-24C7-42E8-AF26-DA7C387485EB}.Release|Any CPU.Build.0 = Release|Any CPU
		{CF23EEB6-24C7-42E8-AF26-DA7C387485EB}.Release|x64.ActiveCfg = Release|Any CPU
		{CF23EEB6-24C7-42E8-AF26-DA7C387485EB}.Release|x64.Build.0 = Release|Any CPU
		{CF23EEB6-24C7-42E8-AF26-DA7C387485EB}.Release|x86.ActiveCfg = Release|Any CPU
		{CF23EEB6-24C7-42E8-AF26-DA7C387485EB}.Release|x86.Build.0 = Release|Any CPU
		{B564F178-2A93-4D6F-BC66-33FD386EBC09}.Debug|Any CPU.ActiveCfg = Debug|Any CPU
		{B564F178-2A93-4D6F-BC66-33FD386EBC09}.Debug|Any CPU.Build.0 = Debug|Any CPU
		{B564F178-2A93-4D6F-BC66-33FD386EBC09}.Debug|x64.ActiveCfg = Debug|Any CPU
		{B564F178-2A93-4D6F-BC66-33FD386EBC09}.Debug|x64.Build.0 = Debug|Any CPU
		{B564F178-2A93-4D6F-BC66-33FD386EBC09}.Debug|x86.ActiveCfg = Debug|Any CPU
		{B564F178-2A93-4D6F-BC66-33FD386EBC09}.Debug|x86.Build.0 = Debug|Any CPU
		{B564F178-2A93-4D6F-BC66-33FD386EBC09}.Release|Any CPU.ActiveCfg = Release|Any CPU
		{B564F178-2A93-4D6F-BC66-33FD386EBC09}.Release|Any CPU.Build.0 = Release|Any CPU
		{B564F178-2A93-4D6F-BC66-33FD386EBC09}.Release|x64.ActiveCfg = Release|Any CPU
		{B564F178-2A93-4D6F-BC66-33FD386EBC09}.Release|x64.Build.0 = Release|Any CPU
		{B564F178-2A93-4D6F-BC66-33FD386EBC09}.Release|x86.ActiveCfg = Release|Any CPU
		{B564F178-2A93-4D6F-BC66-33FD386EBC09}.Release|x86.Build.0 = Release|Any CPU
		{79DC7B66-C46A-4B2E-930E-FCC22D95DC7F}.Debug|Any CPU.ActiveCfg = Debug|Any CPU
		{79DC7B66-C46A-4B2E-930E-FCC22D95DC7F}.Debug|Any CPU.Build.0 = Debug|Any CPU
		{79DC7B66-C46A-4B2E-930E-FCC22D95DC7F}.Debug|x64.ActiveCfg = Debug|Any CPU
		{79DC7B66-C46A-4B2E-930E-FCC22D95DC7F}.Debug|x64.Build.0 = Debug|Any CPU
		{79DC7B66-C46A-4B2E-930E-FCC22D95DC7F}.Debug|x86.ActiveCfg = Debug|Any CPU
		{79DC7B66-C46A-4B2E-930E-FCC22D95DC7F}.Debug|x86.Build.0 = Debug|Any CPU
		{79DC7B66-C46A-4B2E-930E-FCC22D95DC7F}.Release|Any CPU.ActiveCfg = Release|Any CPU
		{79DC7B66-C46A-4B2E-930E-FCC22D95DC7F}.Release|Any CPU.Build.0 = Release|Any CPU
		{79DC7B66-C46A-4B2E-930E-FCC22D95DC7F}.Release|x64.ActiveCfg = Release|Any CPU
		{79DC7B66-C46A-4B2E-930E-FCC22D95DC7F}.Release|x64.Build.0 = Release|Any CPU
		{79DC7B66-C46A-4B2E-930E-FCC22D95DC7F}.Release|x86.ActiveCfg = Release|Any CPU
		{79DC7B66-C46A-4B2E-930E-FCC22D95DC7F}.Release|x86.Build.0 = Release|Any CPU
		{DB53A7F6-8B0C-4ECC-ABD7-B9415BB4F5CE}.Debug|Any CPU.ActiveCfg = Debug|Any CPU
		{DB53A7F6-8B0C-4ECC-ABD7-B9415BB4F5CE}.Debug|Any CPU.Build.0 = Debug|Any CPU
		{DB53A7F6-8B0C-4ECC-ABD7-B9415BB4F5CE}.Debug|x64.ActiveCfg = Debug|Any CPU
		{DB53A7F6-8B0C-4ECC-ABD7-B9415BB4F5CE}.Debug|x64.Build.0 = Debug|Any CPU
		{DB53A7F6-8B0C-4ECC-ABD7-B9415BB4F5CE}.Debug|x86.ActiveCfg = Debug|Any CPU
		{DB53A7F6-8B0C-4ECC-ABD7-B9415BB4F5CE}.Debug|x86.Build.0 = Debug|Any CPU
		{DB53A7F6-8B0C-4ECC-ABD7-B9415BB4F5CE}.Release|Any CPU.ActiveCfg = Release|Any CPU
		{DB53A7F6-8B0C-4ECC-ABD7-B9415BB4F5CE}.Release|Any CPU.Build.0 = Release|Any CPU
		{DB53A7F6-8B0C-4ECC-ABD7-B9415BB4F5CE}.Release|x64.ActiveCfg = Release|Any CPU
		{DB53A7F6-8B0C-4ECC-ABD7-B9415BB4F5CE}.Release|x64.Build.0 = Release|Any CPU
		{DB53A7F6-8B0C-4ECC-ABD7-B9415BB4F5CE}.Release|x86.ActiveCfg = Release|Any CPU
		{DB53A7F6-8B0C-4ECC-ABD7-B9415BB4F5CE}.Release|x86.Build.0 = Release|Any CPU
		{ADD9513D-105D-4940-B4AD-808CD8DFB096}.Debug|Any CPU.ActiveCfg = Debug|Any CPU
		{ADD9513D-105D-4940-B4AD-808CD8DFB096}.Debug|Any CPU.Build.0 = Debug|Any CPU
		{ADD9513D-105D-4940-B4AD-808CD8DFB096}.Debug|x64.ActiveCfg = Debug|Any CPU
		{ADD9513D-105D-4940-B4AD-808CD8DFB096}.Debug|x64.Build.0 = Debug|Any CPU
		{ADD9513D-105D-4940-B4AD-808CD8DFB096}.Debug|x86.ActiveCfg = Debug|Any CPU
		{ADD9513D-105D-4940-B4AD-808CD8DFB096}.Debug|x86.Build.0 = Debug|Any CPU
		{ADD9513D-105D-4940-B4AD-808CD8DFB096}.Release|Any CPU.ActiveCfg = Release|Any CPU
		{ADD9513D-105D-4940-B4AD-808CD8DFB096}.Release|Any CPU.Build.0 = Release|Any CPU
		{ADD9513D-105D-4940-B4AD-808CD8DFB096}.Release|x64.ActiveCfg = Release|Any CPU
		{ADD9513D-105D-4940-B4AD-808CD8DFB096}.Release|x64.Build.0 = Release|Any CPU
		{ADD9513D-105D-4940-B4AD-808CD8DFB096}.Release|x86.ActiveCfg = Release|Any CPU
		{ADD9513D-105D-4940-B4AD-808CD8DFB096}.Release|x86.Build.0 = Release|Any CPU
		{BEB65404-8936-4D52-B141-51EDC9082B9D}.Debug|Any CPU.ActiveCfg = Debug|Any CPU
		{BEB65404-8936-4D52-B141-51EDC9082B9D}.Debug|Any CPU.Build.0 = Debug|Any CPU
		{BEB65404-8936-4D52-B141-51EDC9082B9D}.Debug|x64.ActiveCfg = Debug|Any CPU
		{BEB65404-8936-4D52-B141-51EDC9082B9D}.Debug|x64.Build.0 = Debug|Any CPU
		{BEB65404-8936-4D52-B141-51EDC9082B9D}.Debug|x86.ActiveCfg = Debug|Any CPU
		{BEB65404-8936-4D52-B141-51EDC9082B9D}.Debug|x86.Build.0 = Debug|Any CPU
		{BEB65404-8936-4D52-B141-51EDC9082B9D}.Release|Any CPU.ActiveCfg = Release|Any CPU
		{BEB65404-8936-4D52-B141-51EDC9082B9D}.Release|Any CPU.Build.0 = Release|Any CPU
		{BEB65404-8936-4D52-B141-51EDC9082B9D}.Release|x64.ActiveCfg = Release|Any CPU
		{BEB65404-8936-4D52-B141-51EDC9082B9D}.Release|x64.Build.0 = Release|Any CPU
		{BEB65404-8936-4D52-B141-51EDC9082B9D}.Release|x86.ActiveCfg = Release|Any CPU
		{BEB65404-8936-4D52-B141-51EDC9082B9D}.Release|x86.Build.0 = Release|Any CPU
		{11C11E9D-9C73-45D2-ACC0-B0B86875C795}.Debug|Any CPU.ActiveCfg = Debug|Any CPU
		{11C11E9D-9C73-45D2-ACC0-B0B86875C795}.Debug|Any CPU.Build.0 = Debug|Any CPU
		{11C11E9D-9C73-45D2-ACC0-B0B86875C795}.Debug|x64.ActiveCfg = Debug|Any CPU
		{11C11E9D-9C73-45D2-ACC0-B0B86875C795}.Debug|x64.Build.0 = Debug|Any CPU
		{11C11E9D-9C73-45D2-ACC0-B0B86875C795}.Debug|x86.ActiveCfg = Debug|Any CPU
		{11C11E9D-9C73-45D2-ACC0-B0B86875C795}.Debug|x86.Build.0 = Debug|Any CPU
		{11C11E9D-9C73-45D2-ACC0-B0B86875C795}.Release|Any CPU.ActiveCfg = Release|Any CPU
		{11C11E9D-9C73-45D2-ACC0-B0B86875C795}.Release|Any CPU.Build.0 = Release|Any CPU
		{11C11E9D-9C73-45D2-ACC0-B0B86875C795}.Release|x64.ActiveCfg = Release|Any CPU
		{11C11E9D-9C73-45D2-ACC0-B0B86875C795}.Release|x64.Build.0 = Release|Any CPU
		{11C11E9D-9C73-45D2-ACC0-B0B86875C795}.Release|x86.ActiveCfg = Release|Any CPU
		{11C11E9D-9C73-45D2-ACC0-B0B86875C795}.Release|x86.Build.0 = Release|Any CPU
		{A1A276DE-946A-4A2D-B208-8712F4C80FAF}.Debug|Any CPU.ActiveCfg = Debug|Any CPU
		{A1A276DE-946A-4A2D-B208-8712F4C80FAF}.Debug|Any CPU.Build.0 = Debug|Any CPU
		{A1A276DE-946A-4A2D-B208-8712F4C80FAF}.Debug|x64.ActiveCfg = Debug|Any CPU
		{A1A276DE-946A-4A2D-B208-8712F4C80FAF}.Debug|x64.Build.0 = Debug|Any CPU
		{A1A276DE-946A-4A2D-B208-8712F4C80FAF}.Debug|x86.ActiveCfg = Debug|Any CPU
		{A1A276DE-946A-4A2D-B208-8712F4C80FAF}.Debug|x86.Build.0 = Debug|Any CPU
		{A1A276DE-946A-4A2D-B208-8712F4C80FAF}.Release|Any CPU.ActiveCfg = Release|Any CPU
		{A1A276DE-946A-4A2D-B208-8712F4C80FAF}.Release|Any CPU.Build.0 = Release|Any CPU
		{A1A276DE-946A-4A2D-B208-8712F4C80FAF}.Release|x64.ActiveCfg = Release|Any CPU
		{A1A276DE-946A-4A2D-B208-8712F4C80FAF}.Release|x64.Build.0 = Release|Any CPU
		{A1A276DE-946A-4A2D-B208-8712F4C80FAF}.Release|x86.ActiveCfg = Release|Any CPU
		{A1A276DE-946A-4A2D-B208-8712F4C80FAF}.Release|x86.Build.0 = Release|Any CPU
		{DCE8356C-32D9-4414-AD4A-4103C2BEF422}.Debug|Any CPU.ActiveCfg = Debug|Any CPU
		{DCE8356C-32D9-4414-AD4A-4103C2BEF422}.Debug|Any CPU.Build.0 = Debug|Any CPU
		{DCE8356C-32D9-4414-AD4A-4103C2BEF422}.Debug|x64.ActiveCfg = Debug|Any CPU
		{DCE8356C-32D9-4414-AD4A-4103C2BEF422}.Debug|x64.Build.0 = Debug|Any CPU
		{DCE8356C-32D9-4414-AD4A-4103C2BEF422}.Debug|x86.ActiveCfg = Debug|Any CPU
		{DCE8356C-32D9-4414-AD4A-4103C2BEF422}.Debug|x86.Build.0 = Debug|Any CPU
		{DCE8356C-32D9-4414-AD4A-4103C2BEF422}.Release|Any CPU.ActiveCfg = Release|Any CPU
		{DCE8356C-32D9-4414-AD4A-4103C2BEF422}.Release|Any CPU.Build.0 = Release|Any CPU
		{DCE8356C-32D9-4414-AD4A-4103C2BEF422}.Release|x64.ActiveCfg = Release|Any CPU
		{DCE8356C-32D9-4414-AD4A-4103C2BEF422}.Release|x64.Build.0 = Release|Any CPU
		{DCE8356C-32D9-4414-AD4A-4103C2BEF422}.Release|x86.ActiveCfg = Release|Any CPU
		{DCE8356C-32D9-4414-AD4A-4103C2BEF422}.Release|x86.Build.0 = Release|Any CPU
	EndGlobalSection
	GlobalSection(SolutionProperties) = preSolution
		HideSolutionNode = FALSE
	EndGlobalSection
	GlobalSection(NestedProjects) = preSolution
		{5B9A32EC-3601-445E-A5B9-F6DF8BA29AD0} = {893DD448-96BF-4115-94D6-E85E6466F614}
		{CF23EEB6-24C7-42E8-AF26-DA7C387485EB} = {893DD448-96BF-4115-94D6-E85E6466F614}
		{B564F178-2A93-4D6F-BC66-33FD386EBC09} = {893DD448-96BF-4115-94D6-E85E6466F614}
		{79DC7B66-C46A-4B2E-930E-FCC22D95DC7F} = {893DD448-96BF-4115-94D6-E85E6466F614}
		{DB53A7F6-8B0C-4ECC-ABD7-B9415BB4F5CE} = {893DD448-96BF-4115-94D6-E85E6466F614}
		{ADD9513D-105D-4940-B4AD-808CD8DFB096} = {893DD448-96BF-4115-94D6-E85E6466F614}
		{BEB65404-8936-4D52-B141-51EDC9082B9D} = {893DD448-96BF-4115-94D6-E85E6466F614}
		{15353BE6-48B6-4208-A8F9-5548917EF551} = {893DD448-96BF-4115-94D6-E85E6466F614}
		{11C11E9D-9C73-45D2-ACC0-B0B86875C795} = {15353BE6-48B6-4208-A8F9-5548917EF551}
		{A1A276DE-946A-4A2D-B208-8712F4C80FAF} = {15353BE6-48B6-4208-A8F9-5548917EF551}
		{86480E06-8AE8-443E-A9F4-894DA8CD556C} = {15353BE6-48B6-4208-A8F9-5548917EF551}
		{DCE8356C-32D9-4414-AD4A-4103C2BEF422} = {86480E06-8AE8-443E-A9F4-894DA8CD556C}
	EndGlobalSection
	GlobalSection(ExtensibilityGlobals) = postSolution
		SolutionGuid = {1ED67F7D-1272-45A2-A550-68A214A3899C}
	EndGlobalSection
EndGlobal
