
Microsoft Visual Studio Solution File, Format Version 12.00
# Visual Studio 15
VisualStudioVersion = 15.0.26730.16
MinimumVisualStudioVersion = 10.0.40219.1
Project("{2150E333-8FDC-42A3-9474-1A3956D46DE8}") = "tests", "tests", "{ED1E5032-AA42-45AC-96C3-F21666FD4245}"
EndProject
Project("{2150E333-8FDC-42A3-9474-1A3956D46DE8}") = "Solution Items", "Solution Items", "{A6878F19-D808-40A3-AEB5-DEC78FA47D5C}"
	ProjectSection(SolutionItems) = preProject
		global.json = global.json
		NuGet.Config = NuGet.Config
	EndProjectSection
EndProject
Project("{2150E333-8FDC-42A3-9474-1A3956D46DE8}") = "src", "src", "{893DD448-96BF-4115-94D6-E85E6466F614}"
EndProject
Project("{9A19103F-16F7-4668-BE54-9A1E7A4F7556}") = "Picums.Data", "src\Picums.Data\Picums.Data.csproj", "{5B9A32EC-3601-445E-A5B9-F6DF8BA29AD0}"
EndProject
Project("{9A19103F-16F7-4668-BE54-9A1E7A4F7556}") = "Picums.Mvc", "src\Picums.Mvc\Picums.Mvc.csproj", "{9DFCA39E-BE89-452E-A8B0-19A54F7AA0BA}"
EndProject
Project("{9A19103F-16F7-4668-BE54-9A1E7A4F7556}") = "Picums.Maybe", "src\Picums.Maybe\Picums.Maybe.csproj", "{CF23EEB6-24C7-42E8-AF26-DA7C387485EB}"
EndProject
Project("{9A19103F-16F7-4668-BE54-9A1E7A4F7556}") = "Picums.Data.Azure", "src\Picums.Data.Azure\Picums.Data.Azure.csproj", "{B564F178-2A93-4D6F-BC66-33FD386EBC09}"
EndProject
Project("{9A19103F-16F7-4668-BE54-9A1E7A4F7556}") = "Picums.GeoCoding", "src\Picums.GeoCoding\Picums.GeoCoding.csproj", "{79DC7B66-C46A-4B2E-930E-FCC22D95DC7F}"
EndProject
Project("{9A19103F-16F7-4668-BE54-9A1E7A4F7556}") = "Picums.Tests.Data", "test\Picums.Tests.Data\Picums.Tests.Data.csproj", "{BBAA4710-6A94-4773-9AD9-BF26EA72D50E}"
EndProject
Project("{9A19103F-16F7-4668-BE54-9A1E7A4F7556}") = "Picums.Localisation", "src\Picums.Localisation\Picums.Localisation.csproj", "{62B56A3B-392F-4E00-9B28-9A0BFF3B71FB}"
EndProject
Project("{9A19103F-16F7-4668-BE54-9A1E7A4F7556}") = "Picums.Search.Azure", "src\Picums.Search.Azure\Picums.Search.Azure.csproj", "{DB53A7F6-8B0C-4ECC-ABD7-B9415BB4F5CE}"
EndProject
Project("{9A19103F-16F7-4668-BE54-9A1E7A4F7556}") = "Picums.Data.InMemory", "src\Picums.Data.InMemory\Picums.Data.InMemory.csproj", "{ADD9513D-105D-4940-B4AD-808CD8DFB096}"
EndProject
Project("{6EC3EE1D-3C4E-46DD-8F32-0CC8E7565705}") = "Picums.Tests.Localisation", "test\Picums.Tests.Localisation\Picums.Tests.Localisation.fsproj", "{92B98A50-FF40-4EA9-860E-88171F9D64DD}"
EndProject
Project("{6EC3EE1D-3C4E-46DD-8F32-0CC8E7565705}") = "Picums.Tests.Search.Azure", "test\Picums.Tests.Search.Azure\Picums.Tests.Search.Azure.fsproj", "{E67A61AA-5C20-47A0-A27F-B9AFD6A896F8}"
EndProject
Project("{6EC3EE1D-3C4E-46DD-8F32-0CC8E7565705}") = "Picums.Tests.Data-fs", "test\Picums.Tests.Data-fs\Picums.Tests.Data-fs.fsproj", "{B68EC84C-5623-4106-BB64-785691AD41E3}"
EndProject
Project("{6EC3EE1D-3C4E-46DD-8F32-0CC8E7565705}") = "Picums.Tests.Maybe", "test\Picums.Tests.Maybe\Picums.Tests.Maybe.fsproj", "{94FBDAB7-F483-44FC-987D-EAD4A49EEA37}"
EndProject
Project("{6EC3EE1D-3C4E-46DD-8F32-0CC8E7565705}") = "Picums.Tests.GeoCoding", "test\Picums.Tests.GeoCoding\Picums.Tests.GeoCoding.fsproj", "{84FD1CDB-BCC6-4528-89EC-047F85CA6076}"
EndProject
Project("{9A19103F-16F7-4668-BE54-9A1E7A4F7556}") = "Picums.Tests", "src\Picums.Tests\Picums.Tests.csproj", "{BEB65404-8936-4D52-B141-51EDC9082B9D}"
EndProject
Project("{6EC3EE1D-3C4E-46DD-8F32-0CC8E7565705}") = "Picums.Virtuals", "src\Picums.Virtuals\Picums.Virtuals.fsproj", "{F48BCB9B-D6A0-4A1C-AFE6-FCCB9DE1A983}"
EndProject
Global
	GlobalSection(SolutionConfigurationPlatforms) = preSolution
		Debug|Any CPU = Debug|Any CPU
		Debug|x64 = Debug|x64
		Debug|x86 = Debug|x86
		Release|Any CPU = Release|Any CPU
		Release|x64 = Release|x64
		Release|x86 = Release|x86
	EndGlobalSection
	GlobalSection(ProjectConfigurationPlatforms) = postSolution
		{5B9A32EC-3601-445E-A5B9-F6DF8BA29AD0}.Debug|Any CPU.ActiveCfg = Debug|Any CPU
		{5B9A32EC-3601-445E-A5B9-F6DF8BA29AD0}.Debug|Any CPU.Build.0 = Debug|Any CPU
		{5B9A32EC-3601-445E-A5B9-F6DF8BA29AD0}.Debug|x64.ActiveCfg = Debug|Any CPU
		{5B9A32EC-3601-445E-A5B9-F6DF8BA29AD0}.Debug|x64.Build.0 = Debug|Any CPU
		{5B9A32EC-3601-445E-A5B9-F6DF8BA29AD0}.Debug|x86.ActiveCfg = Debug|Any CPU
		{5B9A32EC-3601-445E-A5B9-F6DF8BA29AD0}.Debug|x86.Build.0 = Debug|Any CPU
		{5B9A32EC-3601-445E-A5B9-F6DF8BA29AD0}.Release|Any CPU.ActiveCfg = Release|Any CPU
		{5B9A32EC-3601-445E-A5B9-F6DF8BA29AD0}.Release|Any CPU.Build.0 = Release|Any CPU
		{5B9A32EC-3601-445E-A5B9-F6DF8BA29AD0}.Release|x64.ActiveCfg = Release|Any CPU
		{5B9A32EC-3601-445E-A5B9-F6DF8BA29AD0}.Release|x64.Build.0 = Release|Any CPU
		{5B9A32EC-3601-445E-A5B9-F6DF8BA29AD0}.Release|x86.ActiveCfg = Release|Any CPU
		{5B9A32EC-3601-445E-A5B9-F6DF8BA29AD0}.Release|x86.Build.0 = Release|Any CPU
		{9DFCA39E-BE89-452E-A8B0-19A54F7AA0BA}.Debug|Any CPU.ActiveCfg = Debug|Any CPU
		{9DFCA39E-BE89-452E-A8B0-19A54F7AA0BA}.Debug|Any CPU.Build.0 = Debug|Any CPU
		{9DFCA39E-BE89-452E-A8B0-19A54F7AA0BA}.Debug|x64.ActiveCfg = Debug|Any CPU
		{9DFCA39E-BE89-452E-A8B0-19A54F7AA0BA}.Debug|x64.Build.0 = Debug|Any CPU
		{9DFCA39E-BE89-452E-A8B0-19A54F7AA0BA}.Debug|x86.ActiveCfg = Debug|Any CPU
		{9DFCA39E-BE89-452E-A8B0-19A54F7AA0BA}.Debug|x86.Build.0 = Debug|Any CPU
		{9DFCA39E-BE89-452E-A8B0-19A54F7AA0BA}.Release|Any CPU.ActiveCfg = Release|Any CPU
		{9DFCA39E-BE89-452E-A8B0-19A54F7AA0BA}.Release|Any CPU.Build.0 = Release|Any CPU
		{9DFCA39E-BE89-452E-A8B0-19A54F7AA0BA}.Release|x64.ActiveCfg = Release|Any CPU
		{9DFCA39E-BE89-452E-A8B0-19A54F7AA0BA}.Release|x64.Build.0 = Release|Any CPU
		{9DFCA39E-BE89-452E-A8B0-19A54F7AA0BA}.Release|x86.ActiveCfg = Release|Any CPU
		{9DFCA39E-BE89-452E-A8B0-19A54F7AA0BA}.Release|x86.Build.0 = Release|Any CPU
		{CF23EEB6-24C7-42E8-AF26-DA7C387485EB}.Debug|Any CPU.ActiveCfg = Debug|Any CPU
		{CF23EEB6-24C7-42E8-AF26-DA7C387485EB}.Debug|Any CPU.Build.0 = Debug|Any CPU
		{CF23EEB6-24C7-42E8-AF26-DA7C387485EB}.Debug|x64.ActiveCfg = Debug|Any CPU
		{CF23EEB6-24C7-42E8-AF26-DA7C387485EB}.Debug|x64.Build.0 = Debug|Any CPU
		{CF23EEB6-24C7-42E8-AF26-DA7C387485EB}.Debug|x86.ActiveCfg = Debug|Any CPU
		{CF23EEB6-24C7-42E8-AF26-DA7C387485EB}.Debug|x86.Build.0 = Debug|Any CPU
		{CF23EEB6-24C7-42E8-AF26-DA7C387485EB}.Release|Any CPU.ActiveCfg = Release|Any CPU
		{CF23EEB6-24C7-42E8-AF26-DA7C387485EB}.Release|Any CPU.Build.0 = Release|Any CPU
		{CF23EEB6-24C7-42E8-AF26-DA7C387485EB}.Release|x64.ActiveCfg = Release|Any CPU
		{CF23EEB6-24C7-42E8-AF26-DA7C387485EB}.Release|x64.Build.0 = Release|Any CPU
		{CF23EEB6-24C7-42E8-AF26-DA7C387485EB}.Release|x86.ActiveCfg = Release|Any CPU
		{CF23EEB6-24C7-42E8-AF26-DA7C387485EB}.Release|x86.Build.0 = Release|Any CPU
		{B564F178-2A93-4D6F-BC66-33FD386EBC09}.Debug|Any CPU.ActiveCfg = Debug|Any CPU
		{B564F178-2A93-4D6F-BC66-33FD386EBC09}.Debug|Any CPU.Build.0 = Debug|Any CPU
		{B564F178-2A93-4D6F-BC66-33FD386EBC09}.Debug|x64.ActiveCfg = Debug|Any CPU
		{B564F178-2A93-4D6F-BC66-33FD386EBC09}.Debug|x64.Build.0 = Debug|Any CPU
		{B564F178-2A93-4D6F-BC66-33FD386EBC09}.Debug|x86.ActiveCfg = Debug|Any CPU
		{B564F178-2A93-4D6F-BC66-33FD386EBC09}.Debug|x86.Build.0 = Debug|Any CPU
		{B564F178-2A93-4D6F-BC66-33FD386EBC09}.Release|Any CPU.ActiveCfg = Release|Any CPU
		{B564F178-2A93-4D6F-BC66-33FD386EBC09}.Release|Any CPU.Build.0 = Release|Any CPU
		{B564F178-2A93-4D6F-BC66-33FD386EBC09}.Release|x64.ActiveCfg = Release|Any CPU
		{B564F178-2A93-4D6F-BC66-33FD386EBC09}.Release|x64.Build.0 = Release|Any CPU
		{B564F178-2A93-4D6F-BC66-33FD386EBC09}.Release|x86.ActiveCfg = Release|Any CPU
		{B564F178-2A93-4D6F-BC66-33FD386EBC09}.Release|x86.Build.0 = Release|Any CPU
		{79DC7B66-C46A-4B2E-930E-FCC22D95DC7F}.Debug|Any CPU.ActiveCfg = Debug|Any CPU
		{79DC7B66-C46A-4B2E-930E-FCC22D95DC7F}.Debug|Any CPU.Build.0 = Debug|Any CPU
		{79DC7B66-C46A-4B2E-930E-FCC22D95DC7F}.Debug|x64.ActiveCfg = Debug|Any CPU
		{79DC7B66-C46A-4B2E-930E-FCC22D95DC7F}.Debug|x64.Build.0 = Debug|Any CPU
		{79DC7B66-C46A-4B2E-930E-FCC22D95DC7F}.Debug|x86.ActiveCfg = Debug|Any CPU
		{79DC7B66-C46A-4B2E-930E-FCC22D95DC7F}.Debug|x86.Build.0 = Debug|Any CPU
		{79DC7B66-C46A-4B2E-930E-FCC22D95DC7F}.Release|Any CPU.ActiveCfg = Release|Any CPU
		{79DC7B66-C46A-4B2E-930E-FCC22D95DC7F}.Release|Any CPU.Build.0 = Release|Any CPU
		{79DC7B66-C46A-4B2E-930E-FCC22D95DC7F}.Release|x64.ActiveCfg = Release|Any CPU
		{79DC7B66-C46A-4B2E-930E-FCC22D95DC7F}.Release|x64.Build.0 = Release|Any CPU
		{79DC7B66-C46A-4B2E-930E-FCC22D95DC7F}.Release|x86.ActiveCfg = Release|Any CPU
		{79DC7B66-C46A-4B2E-930E-FCC22D95DC7F}.Release|x86.Build.0 = Release|Any CPU
		{BBAA4710-6A94-4773-9AD9-BF26EA72D50E}.Debug|Any CPU.ActiveCfg = Debug|Any CPU
		{BBAA4710-6A94-4773-9AD9-BF26EA72D50E}.Debug|Any CPU.Build.0 = Debug|Any CPU
		{BBAA4710-6A94-4773-9AD9-BF26EA72D50E}.Debug|x64.ActiveCfg = Debug|Any CPU
		{BBAA4710-6A94-4773-9AD9-BF26EA72D50E}.Debug|x64.Build.0 = Debug|Any CPU
		{BBAA4710-6A94-4773-9AD9-BF26EA72D50E}.Debug|x86.ActiveCfg = Debug|Any CPU
		{BBAA4710-6A94-4773-9AD9-BF26EA72D50E}.Debug|x86.Build.0 = Debug|Any CPU
		{BBAA4710-6A94-4773-9AD9-BF26EA72D50E}.Release|Any CPU.ActiveCfg = Release|Any CPU
		{BBAA4710-6A94-4773-9AD9-BF26EA72D50E}.Release|Any CPU.Build.0 = Release|Any CPU
		{BBAA4710-6A94-4773-9AD9-BF26EA72D50E}.Release|x64.ActiveCfg = Release|Any CPU
		{BBAA4710-6A94-4773-9AD9-BF26EA72D50E}.Release|x64.Build.0 = Release|Any CPU
		{BBAA4710-6A94-4773-9AD9-BF26EA72D50E}.Release|x86.ActiveCfg = Release|Any CPU
		{BBAA4710-6A94-4773-9AD9-BF26EA72D50E}.Release|x86.Build.0 = Release|Any CPU
		{62B56A3B-392F-4E00-9B28-9A0BFF3B71FB}.Debug|Any CPU.ActiveCfg = Debug|Any CPU
		{62B56A3B-392F-4E00-9B28-9A0BFF3B71FB}.Debug|Any CPU.Build.0 = Debug|Any CPU
		{62B56A3B-392F-4E00-9B28-9A0BFF3B71FB}.Debug|x64.ActiveCfg = Debug|Any CPU
		{62B56A3B-392F-4E00-9B28-9A0BFF3B71FB}.Debug|x64.Build.0 = Debug|Any CPU
		{62B56A3B-392F-4E00-9B28-9A0BFF3B71FB}.Debug|x86.ActiveCfg = Debug|Any CPU
		{62B56A3B-392F-4E00-9B28-9A0BFF3B71FB}.Debug|x86.Build.0 = Debug|Any CPU
		{62B56A3B-392F-4E00-9B28-9A0BFF3B71FB}.Release|Any CPU.ActiveCfg = Release|Any CPU
		{62B56A3B-392F-4E00-9B28-9A0BFF3B71FB}.Release|Any CPU.Build.0 = Release|Any CPU
		{62B56A3B-392F-4E00-9B28-9A0BFF3B71FB}.Release|x64.ActiveCfg = Release|Any CPU
		{62B56A3B-392F-4E00-9B28-9A0BFF3B71FB}.Release|x64.Build.0 = Release|Any CPU
		{62B56A3B-392F-4E00-9B28-9A0BFF3B71FB}.Release|x86.ActiveCfg = Release|Any CPU
		{62B56A3B-392F-4E00-9B28-9A0BFF3B71FB}.Release|x86.Build.0 = Release|Any CPU
		{DB53A7F6-8B0C-4ECC-ABD7-B9415BB4F5CE}.Debug|Any CPU.ActiveCfg = Debug|Any CPU
		{DB53A7F6-8B0C-4ECC-ABD7-B9415BB4F5CE}.Debug|Any CPU.Build.0 = Debug|Any CPU
		{DB53A7F6-8B0C-4ECC-ABD7-B9415BB4F5CE}.Debug|x64.ActiveCfg = Debug|Any CPU
		{DB53A7F6-8B0C-4ECC-ABD7-B9415BB4F5CE}.Debug|x64.Build.0 = Debug|Any CPU
		{DB53A7F6-8B0C-4ECC-ABD7-B9415BB4F5CE}.Debug|x86.ActiveCfg = Debug|Any CPU
		{DB53A7F6-8B0C-4ECC-ABD7-B9415BB4F5CE}.Debug|x86.Build.0 = Debug|Any CPU
		{DB53A7F6-8B0C-4ECC-ABD7-B9415BB4F5CE}.Release|Any CPU.ActiveCfg = Release|Any CPU
		{DB53A7F6-8B0C-4ECC-ABD7-B9415BB4F5CE}.Release|Any CPU.Build.0 = Release|Any CPU
		{DB53A7F6-8B0C-4ECC-ABD7-B9415BB4F5CE}.Release|x64.ActiveCfg = Release|Any CPU
		{DB53A7F6-8B0C-4ECC-ABD7-B9415BB4F5CE}.Release|x64.Build.0 = Release|Any CPU
		{DB53A7F6-8B0C-4ECC-ABD7-B9415BB4F5CE}.Release|x86.ActiveCfg = Release|Any CPU
		{DB53A7F6-8B0C-4ECC-ABD7-B9415BB4F5CE}.Release|x86.Build.0 = Release|Any CPU
		{ADD9513D-105D-4940-B4AD-808CD8DFB096}.Debug|Any CPU.ActiveCfg = Debug|Any CPU
		{ADD9513D-105D-4940-B4AD-808CD8DFB096}.Debug|Any CPU.Build.0 = Debug|Any CPU
		{ADD9513D-105D-4940-B4AD-808CD8DFB096}.Debug|x64.ActiveCfg = Debug|Any CPU
		{ADD9513D-105D-4940-B4AD-808CD8DFB096}.Debug|x64.Build.0 = Debug|Any CPU
		{ADD9513D-105D-4940-B4AD-808CD8DFB096}.Debug|x86.ActiveCfg = Debug|Any CPU
		{ADD9513D-105D-4940-B4AD-808CD8DFB096}.Debug|x86.Build.0 = Debug|Any CPU
		{ADD9513D-105D-4940-B4AD-808CD8DFB096}.Release|Any CPU.ActiveCfg = Release|Any CPU
		{ADD9513D-105D-4940-B4AD-808CD8DFB096}.Release|Any CPU.Build.0 = Release|Any CPU
		{ADD9513D-105D-4940-B4AD-808CD8DFB096}.Release|x64.ActiveCfg = Release|Any CPU
		{ADD9513D-105D-4940-B4AD-808CD8DFB096}.Release|x64.Build.0 = Release|Any CPU
		{ADD9513D-105D-4940-B4AD-808CD8DFB096}.Release|x86.ActiveCfg = Release|Any CPU
		{ADD9513D-105D-4940-B4AD-808CD8DFB096}.Release|x86.Build.0 = Release|Any CPU
		{92B98A50-FF40-4EA9-860E-88171F9D64DD}.Debug|Any CPU.ActiveCfg = Debug|Any CPU
		{92B98A50-FF40-4EA9-860E-88171F9D64DD}.Debug|Any CPU.Build.0 = Debug|Any CPU
		{92B98A50-FF40-4EA9-860E-88171F9D64DD}.Debug|x64.ActiveCfg = Debug|Any CPU
		{92B98A50-FF40-4EA9-860E-88171F9D64DD}.Debug|x64.Build.0 = Debug|Any CPU
		{92B98A50-FF40-4EA9-860E-88171F9D64DD}.Debug|x86.ActiveCfg = Debug|Any CPU
		{92B98A50-FF40-4EA9-860E-88171F9D64DD}.Debug|x86.Build.0 = Debug|Any CPU
		{92B98A50-FF40-4EA9-860E-88171F9D64DD}.Release|Any CPU.ActiveCfg = Release|Any CPU
		{92B98A50-FF40-4EA9-860E-88171F9D64DD}.Release|Any CPU.Build.0 = Release|Any CPU
		{92B98A50-FF40-4EA9-860E-88171F9D64DD}.Release|x64.ActiveCfg = Release|Any CPU
		{92B98A50-FF40-4EA9-860E-88171F9D64DD}.Release|x64.Build.0 = Release|Any CPU
		{92B98A50-FF40-4EA9-860E-88171F9D64DD}.Release|x86.ActiveCfg = Release|Any CPU
		{92B98A50-FF40-4EA9-860E-88171F9D64DD}.Release|x86.Build.0 = Release|Any CPU
		{E67A61AA-5C20-47A0-A27F-B9AFD6A896F8}.Debug|Any CPU.ActiveCfg = Debug|Any CPU
		{E67A61AA-5C20-47A0-A27F-B9AFD6A896F8}.Debug|Any CPU.Build.0 = Debug|Any CPU
		{E67A61AA-5C20-47A0-A27F-B9AFD6A896F8}.Debug|x64.ActiveCfg = Debug|Any CPU
		{E67A61AA-5C20-47A0-A27F-B9AFD6A896F8}.Debug|x64.Build.0 = Debug|Any CPU
		{E67A61AA-5C20-47A0-A27F-B9AFD6A896F8}.Debug|x86.ActiveCfg = Debug|Any CPU
		{E67A61AA-5C20-47A0-A27F-B9AFD6A896F8}.Debug|x86.Build.0 = Debug|Any CPU
		{E67A61AA-5C20-47A0-A27F-B9AFD6A896F8}.Release|Any CPU.ActiveCfg = Release|Any CPU
		{E67A61AA-5C20-47A0-A27F-B9AFD6A896F8}.Release|Any CPU.Build.0 = Release|Any CPU
		{E67A61AA-5C20-47A0-A27F-B9AFD6A896F8}.Release|x64.ActiveCfg = Release|Any CPU
		{E67A61AA-5C20-47A0-A27F-B9AFD6A896F8}.Release|x64.Build.0 = Release|Any CPU
		{E67A61AA-5C20-47A0-A27F-B9AFD6A896F8}.Release|x86.ActiveCfg = Release|Any CPU
		{E67A61AA-5C20-47A0-A27F-B9AFD6A896F8}.Release|x86.Build.0 = Release|Any CPU
		{B68EC84C-5623-4106-BB64-785691AD41E3}.Debug|Any CPU.ActiveCfg = Debug|Any CPU
		{B68EC84C-5623-4106-BB64-785691AD41E3}.Debug|Any CPU.Build.0 = Debug|Any CPU
		{B68EC84C-5623-4106-BB64-785691AD41E3}.Debug|x64.ActiveCfg = Debug|Any CPU
		{B68EC84C-5623-4106-BB64-785691AD41E3}.Debug|x64.Build.0 = Debug|Any CPU
		{B68EC84C-5623-4106-BB64-785691AD41E3}.Debug|x86.ActiveCfg = Debug|Any CPU
		{B68EC84C-5623-4106-BB64-785691AD41E3}.Debug|x86.Build.0 = Debug|Any CPU
		{B68EC84C-5623-4106-BB64-785691AD41E3}.Release|Any CPU.ActiveCfg = Release|Any CPU
		{B68EC84C-5623-4106-BB64-785691AD41E3}.Release|Any CPU.Build.0 = Release|Any CPU
		{B68EC84C-5623-4106-BB64-785691AD41E3}.Release|x64.ActiveCfg = Release|Any CPU
		{B68EC84C-5623-4106-BB64-785691AD41E3}.Release|x64.Build.0 = Release|Any CPU
		{B68EC84C-5623-4106-BB64-785691AD41E3}.Release|x86.ActiveCfg = Release|Any CPU
		{B68EC84C-5623-4106-BB64-785691AD41E3}.Release|x86.Build.0 = Release|Any CPU
		{94FBDAB7-F483-44FC-987D-EAD4A49EEA37}.Debug|Any CPU.ActiveCfg = Debug|Any CPU
		{94FBDAB7-F483-44FC-987D-EAD4A49EEA37}.Debug|Any CPU.Build.0 = Debug|Any CPU
		{94FBDAB7-F483-44FC-987D-EAD4A49EEA37}.Debug|x64.ActiveCfg = Debug|Any CPU
		{94FBDAB7-F483-44FC-987D-EAD4A49EEA37}.Debug|x64.Build.0 = Debug|Any CPU
		{94FBDAB7-F483-44FC-987D-EAD4A49EEA37}.Debug|x86.ActiveCfg = Debug|Any CPU
		{94FBDAB7-F483-44FC-987D-EAD4A49EEA37}.Debug|x86.Build.0 = Debug|Any CPU
		{94FBDAB7-F483-44FC-987D-EAD4A49EEA37}.Release|Any CPU.ActiveCfg = Release|Any CPU
		{94FBDAB7-F483-44FC-987D-EAD4A49EEA37}.Release|Any CPU.Build.0 = Release|Any CPU
		{94FBDAB7-F483-44FC-987D-EAD4A49EEA37}.Release|x64.ActiveCfg = Release|Any CPU
		{94FBDAB7-F483-44FC-987D-EAD4A49EEA37}.Release|x64.Build.0 = Release|Any CPU
		{94FBDAB7-F483-44FC-987D-EAD4A49EEA37}.Release|x86.ActiveCfg = Release|Any CPU
		{94FBDAB7-F483-44FC-987D-EAD4A49EEA37}.Release|x86.Build.0 = Release|Any CPU
		{84FD1CDB-BCC6-4528-89EC-047F85CA6076}.Debug|Any CPU.ActiveCfg = Debug|Any CPU
		{84FD1CDB-BCC6-4528-89EC-047F85CA6076}.Debug|Any CPU.Build.0 = Debug|Any CPU
		{84FD1CDB-BCC6-4528-89EC-047F85CA6076}.Debug|x64.ActiveCfg = Debug|Any CPU
		{84FD1CDB-BCC6-4528-89EC-047F85CA6076}.Debug|x64.Build.0 = Debug|Any CPU
		{84FD1CDB-BCC6-4528-89EC-047F85CA6076}.Debug|x86.ActiveCfg = Debug|Any CPU
		{84FD1CDB-BCC6-4528-89EC-047F85CA6076}.Debug|x86.Build.0 = Debug|Any CPU
		{84FD1CDB-BCC6-4528-89EC-047F85CA6076}.Release|Any CPU.ActiveCfg = Release|Any CPU
		{84FD1CDB-BCC6-4528-89EC-047F85CA6076}.Release|Any CPU.Build.0 = Release|Any CPU
		{84FD1CDB-BCC6-4528-89EC-047F85CA6076}.Release|x64.ActiveCfg = Release|Any CPU
		{84FD1CDB-BCC6-4528-89EC-047F85CA6076}.Release|x64.Build.0 = Release|Any CPU
		{84FD1CDB-BCC6-4528-89EC-047F85CA6076}.Release|x86.ActiveCfg = Release|Any CPU
		{84FD1CDB-BCC6-4528-89EC-047F85CA6076}.Release|x86.Build.0 = Release|Any CPU
		{BEB65404-8936-4D52-B141-51EDC9082B9D}.Debug|Any CPU.ActiveCfg = Debug|Any CPU
		{BEB65404-8936-4D52-B141-51EDC9082B9D}.Debug|Any CPU.Build.0 = Debug|Any CPU
		{BEB65404-8936-4D52-B141-51EDC9082B9D}.Debug|x64.ActiveCfg = Debug|Any CPU
		{BEB65404-8936-4D52-B141-51EDC9082B9D}.Debug|x64.Build.0 = Debug|Any CPU
		{BEB65404-8936-4D52-B141-51EDC9082B9D}.Debug|x86.ActiveCfg = Debug|Any CPU
		{BEB65404-8936-4D52-B141-51EDC9082B9D}.Debug|x86.Build.0 = Debug|Any CPU
		{BEB65404-8936-4D52-B141-51EDC9082B9D}.Release|Any CPU.ActiveCfg = Release|Any CPU
		{BEB65404-8936-4D52-B141-51EDC9082B9D}.Release|Any CPU.Build.0 = Release|Any CPU
		{BEB65404-8936-4D52-B141-51EDC9082B9D}.Release|x64.ActiveCfg = Release|Any CPU
		{BEB65404-8936-4D52-B141-51EDC9082B9D}.Release|x64.Build.0 = Release|Any CPU
		{BEB65404-8936-4D52-B141-51EDC9082B9D}.Release|x86.ActiveCfg = Release|Any CPU
		{BEB65404-8936-4D52-B141-51EDC9082B9D}.Release|x86.Build.0 = Release|Any CPU
		{F48BCB9B-D6A0-4A1C-AFE6-FCCB9DE1A983}.Debug|Any CPU.ActiveCfg = Debug|Any CPU
		{F48BCB9B-D6A0-4A1C-AFE6-FCCB9DE1A983}.Debug|Any CPU.Build.0 = Debug|Any CPU
		{F48BCB9B-D6A0-4A1C-AFE6-FCCB9DE1A983}.Debug|x64.ActiveCfg = Debug|Any CPU
		{F48BCB9B-D6A0-4A1C-AFE6-FCCB9DE1A983}.Debug|x64.Build.0 = Debug|Any CPU
		{F48BCB9B-D6A0-4A1C-AFE6-FCCB9DE1A983}.Debug|x86.ActiveCfg = Debug|Any CPU
		{F48BCB9B-D6A0-4A1C-AFE6-FCCB9DE1A983}.Debug|x86.Build.0 = Debug|Any CPU
		{F48BCB9B-D6A0-4A1C-AFE6-FCCB9DE1A983}.Release|Any CPU.ActiveCfg = Release|Any CPU
		{F48BCB9B-D6A0-4A1C-AFE6-FCCB9DE1A983}.Release|Any CPU.Build.0 = Release|Any CPU
		{F48BCB9B-D6A0-4A1C-AFE6-FCCB9DE1A983}.Release|x64.ActiveCfg = Release|Any CPU
		{F48BCB9B-D6A0-4A1C-AFE6-FCCB9DE1A983}.Release|x64.Build.0 = Release|Any CPU
		{F48BCB9B-D6A0-4A1C-AFE6-FCCB9DE1A983}.Release|x86.ActiveCfg = Release|Any CPU
		{F48BCB9B-D6A0-4A1C-AFE6-FCCB9DE1A983}.Release|x86.Build.0 = Release|Any CPU
	EndGlobalSection
	GlobalSection(SolutionProperties) = preSolution
		HideSolutionNode = FALSE
	EndGlobalSection
	GlobalSection(NestedProjects) = preSolution
		{5B9A32EC-3601-445E-A5B9-F6DF8BA29AD0} = {893DD448-96BF-4115-94D6-E85E6466F614}
		{9DFCA39E-BE89-452E-A8B0-19A54F7AA0BA} = {893DD448-96BF-4115-94D6-E85E6466F614}
		{CF23EEB6-24C7-42E8-AF26-DA7C387485EB} = {893DD448-96BF-4115-94D6-E85E6466F614}
		{B564F178-2A93-4D6F-BC66-33FD386EBC09} = {893DD448-96BF-4115-94D6-E85E6466F614}
		{79DC7B66-C46A-4B2E-930E-FCC22D95DC7F} = {893DD448-96BF-4115-94D6-E85E6466F614}
		{BBAA4710-6A94-4773-9AD9-BF26EA72D50E} = {ED1E5032-AA42-45AC-96C3-F21666FD4245}
		{62B56A3B-392F-4E00-9B28-9A0BFF3B71FB} = {893DD448-96BF-4115-94D6-E85E6466F614}
		{DB53A7F6-8B0C-4ECC-ABD7-B9415BB4F5CE} = {893DD448-96BF-4115-94D6-E85E6466F614}
		{ADD9513D-105D-4940-B4AD-808CD8DFB096} = {893DD448-96BF-4115-94D6-E85E6466F614}
		{92B98A50-FF40-4EA9-860E-88171F9D64DD} = {ED1E5032-AA42-45AC-96C3-F21666FD4245}
		{E67A61AA-5C20-47A0-A27F-B9AFD6A896F8} = {ED1E5032-AA42-45AC-96C3-F21666FD4245}
		{B68EC84C-5623-4106-BB64-785691AD41E3} = {ED1E5032-AA42-45AC-96C3-F21666FD4245}
		{94FBDAB7-F483-44FC-987D-EAD4A49EEA37} = {ED1E5032-AA42-45AC-96C3-F21666FD4245}
		{84FD1CDB-BCC6-4528-89EC-047F85CA6076} = {ED1E5032-AA42-45AC-96C3-F21666FD4245}
		{BEB65404-8936-4D52-B141-51EDC9082B9D} = {893DD448-96BF-4115-94D6-E85E6466F614}
		{F48BCB9B-D6A0-4A1C-AFE6-FCCB9DE1A983} = {893DD448-96BF-4115-94D6-E85E6466F614}
	EndGlobalSection
	GlobalSection(ExtensibilityGlobals) = postSolution
		SolutionGuid = {1ED67F7D-1272-45A2-A550-68A214A3899C}
	EndGlobalSection
EndGlobal
